
Microsoft Visual Studio Solution File, Format Version 12.00
# Visual Studio Version 16
VisualStudioVersion = 16.0.31313.79
MinimumVisualStudioVersion = 10.0.40219.1
Project("{FAE04EC0-301F-11D3-BF4B-00C04F79EFBC}") = "registryDiscovery", "RegistryDiscovery\registryDiscovery.csproj", "{E491453E-79F9-4E7A-91C5-E4E5BA4AB565}"
EndProject
Project("{FAE04EC0-301F-11D3-BF4B-00C04F79EFBC}") = "sample", "sample\sample.csproj", "{A6DC397F-65D8-490B-868A-7E0565E6B815}"
EndProject
Global
	GlobalSection(SolutionConfigurationPlatforms) = preSolution
		Debug|Any CPU = Debug|Any CPU
		Release|Any CPU = Release|Any CPU
	EndGlobalSection
	GlobalSection(ProjectConfigurationPlatforms) = postSolution
		{E491453E-79F9-4E7A-91C5-E4E5BA4AB565}.Debug|Any CPU.ActiveCfg = Debug|Any CPU
		{E491453E-79F9-4E7A-91C5-E4E5BA4AB565}.Debug|Any CPU.Build.0 = Debug|Any CPU
		{E491453E-79F9-4E7A-91C5-E4E5BA4AB565}.Release|Any CPU.ActiveCfg = Release|Any CPU
		{E491453E-79F9-4E7A-91C5-E4E5BA4AB565}.Release|Any CPU.Build.0 = Release|Any CPU
		{A6DC397F-65D8-490B-868A-7E0565E6B815}.Debug|Any CPU.ActiveCfg = Debug|Any CPU
		{A6DC397F-65D8-490B-868A-7E0565E6B815}.Debug|Any CPU.Build.0 = Debug|Any CPU
		{A6DC397F-65D8-490B-868A-7E0565E6B815}.Release|Any CPU.ActiveCfg = Release|Any CPU
		{A6DC397F-65D8-490B-868A-7E0565E6B815}.Release|Any CPU.Build.0 = Release|Any CPU
	EndGlobalSection
	GlobalSection(SolutionProperties) = preSolution
		HideSolutionNode = FALSE
	EndGlobalSection
	GlobalSection(ExtensibilityGlobals) = postSolution
		SolutionGuid = {181D61DB-95C7-48BD-8F30-7DD6FEF37126}
	EndGlobalSection
EndGlobal
